
Microsoft Visual Studio Solution File, Format Version 12.00
# Visual Studio Version 17
VisualStudioVersion = 17.5.33516.290
MinimumVisualStudioVersion = 10.0.40219.1
Project("{FAE04EC0-301F-11D3-BF4B-00C04F79EFBC}") = "Algorithms", "Algorithms\Algorithms.csproj", "{943D82B3-DABD-46F7-8CF4-CA1F0BA49B7F}"
EndProject
Global
	GlobalSection(SolutionConfigurationPlatforms) = preSolution
		Debug|Any CPU = Debug|Any CPU
		Release|Any CPU = Release|Any CPU
	EndGlobalSection
	GlobalSection(ProjectConfigurationPlatforms) = postSolution
		{943D82B3-DABD-46F7-8CF4-CA1F0BA49B7F}.Debug|Any CPU.ActiveCfg = Debug|Any CPU
		{943D82B3-DABD-46F7-8CF4-CA1F0BA49B7F}.Debug|Any CPU.Build.0 = Debug|Any CPU
		{943D82B3-DABD-46F7-8CF4-CA1F0BA49B7F}.Release|Any CPU.ActiveCfg = Release|Any CPU
		{943D82B3-DABD-46F7-8CF4-CA1F0BA49B7F}.Release|Any CPU.Build.0 = Release|Any CPU
	EndGlobalSection
	GlobalSection(SolutionProperties) = preSolution
		HideSolutionNode = FALSE
	EndGlobalSection
	GlobalSection(ExtensibilityGlobals) = postSolution
		SolutionGuid = {03290D84-EE5A-4F04-8C67-60E1371B1987}
	EndGlobalSection
EndGlobal
